github.com/gorilla/websocket v1.4.0/go.mod h1:E7qHFY5m1UJ88s3WnNqhKjPHQ0heANvMoAMk2YaljkQ=
github.com/gorilla/websocket v1.4.2 h1:+/TMaTYc4QFitKJxsQ7Yye35DkWvkdLcvGKqM+x0Ufc=
github.com/gorilla/websocket v1.4.2/go.mod h1:YR8l580nyteQvAITg2hZ9XVh4b55+EU/adAjf1fMHhE=
github.com/shurcooL/httpfs v0.0.0-20181222201310-74dc9339e414 h1:IYVb70m/qpJGjyZV2S4qbdSDnsMl+w9nsQ2iQedf1HI=
github.com/shurcooL/httpfs v0.0.0-20181222201310-74dc9339e414/go.mod h1:ZY1cvUeJuFPAdZ/B6v7RHavJWZn2YPVFQ1OSXhCGOkg=
github.com/shurcooL/vfsgen v0.0.0-20181202132449-6a9ea43bcacd h1:ug7PpSOB5RBPK1Kg6qskGBoP3Vnj/aNYFTznWvlkGo0=
github.com/shurcooL/vfsgen v0.0.0-20181202132449-6a9ea43bcacd/go.mod h1:TrYk7fJVaAttu97ZZKrO9UbRa8izdowaMIZcxYMbVaw=
github.com/ughoavgfhw/libkq v0.0.1 h1:EAqn5xbZj9VPshbsQuPdX3kvYNKTBazvzJAZxod6riE=
github.com/ughoavgfhw/libkq v0.0.1/go.mod h1:NiKSM1Wyb5V44MW4abqj6hYtH/wRRDxgShSgi682NTU=
